
Microsoft Visual Studio Solution File, Format Version 12.00
# Visual Studio Version 16
VisualStudioVersion = 16.0.31911.196
MinimumVisualStudioVersion = 10.0.40219.1
Project("{FAE04EC0-301F-11D3-BF4B-00C04F79EFBC}") = "LiveSearch", "LiveSearch\LiveSearch.csproj", "{529687BE-0FE8-4262-9944-90E37630743C}"
EndProject
Project("{FAE04EC0-301F-11D3-BF4B-00C04F79EFBC}") = "LiveSearch.Data", "LiveSearch.Data\LiveSearch.Data.csproj", "{97FD3996-6C9A-4E98-A4D7-8C232932EAB2}"
EndProject
Global
	GlobalSection(SolutionConfigurationPlatforms) = preSolution
		Debug|Any CPU = Debug|Any CPU
		Release|Any CPU = Release|Any CPU
	EndGlobalSection
	GlobalSection(ProjectConfigurationPlatforms) = postSolution
		{529687BE-0FE8-4262-9944-90E37630743C}.Debug|Any CPU.ActiveCfg = Debug|Any CPU
		{529687BE-0FE8-4262-9944-90E37630743C}.Debug|Any CPU.Build.0 = Debug|Any CPU
		{529687BE-0FE8-4262-9944-90E37630743C}.Release|Any CPU.ActiveCfg = Release|Any CPU
		{529687BE-0FE8-4262-9944-90E37630743C}.Release|Any CPU.Build.0 = Release|Any CPU
		{97FD3996-6C9A-4E98-A4D7-8C232932EAB2}.Debug|Any CPU.ActiveCfg = Debug|Any CPU
		{97FD3996-6C9A-4E98-A4D7-8C232932EAB2}.Debug|Any CPU.Build.0 = Debug|Any CPU
		{97FD3996-6C9A-4E98-A4D7-8C232932EAB2}.Release|Any CPU.ActiveCfg = Release|Any CPU
		{97FD3996-6C9A-4E98-A4D7-8C232932EAB2}.Release|Any CPU.Build.0 = Release|Any CPU
	EndGlobalSection
	GlobalSection(SolutionProperties) = preSolution
		HideSolutionNode = FALSE
	EndGlobalSection
	GlobalSection(ExtensibilityGlobals) = postSolution
		SolutionGuid = {7D405B71-305A-469E-A191-B9CA8A037DF6}
	EndGlobalSection
EndGlobal
